{
  "name": "ren360-repo-manager",
  "version": "1.0.0",
  "lockfileVersion": 3,
  "requires": true,
  "packages": {
    "": {
      "name": "ren360-repo-manager",
      "version": "1.0.0",
      "license": "MIT",
      "bin": {
        "repo-manager": "repo-manager.js"
      },
      "engines": {
        "node": ">=14.0.0"
      }
    }
  }
}
